
Microsoft Visual Studio Solution File, Format Version 12.00
# Visual Studio Version 17
VisualStudioVersion = 17.14.36717.8 d17.14
MinimumVisualStudioVersion = 10.0.40219.1
Project("{FAE04EC0-301F-11D3-BF4B-00C04F79EFBC}") = "S10268826_Assg 1", "S10268826_Assg 1\S10268826_Assg 1.csproj", "{E2696E8F-B221-4871-9E14-80CF0F0AD6DF}"
EndProject
Global
	GlobalSection(SolutionConfigurationPlatforms) = preSolution
		Debug|Any CPU = Debug|Any CPU
		Release|Any CPU = Release|Any CPU
	EndGlobalSection
	GlobalSection(ProjectConfigurationPlatforms) = postSolution
		{E2696E8F-B221-4871-9E14-80CF0F0AD6DF}.Debug|Any CPU.ActiveCfg = Debug|Any CPU
		{E2696E8F-B221-4871-9E14-80CF0F0AD6DF}.Debug|Any CPU.Build.0 = Debug|Any CPU
		{E2696E8F-B221-4871-9E14-80CF0F0AD6DF}.Release|Any CPU.ActiveCfg = Release|Any CPU
		{E2696E8F-B221-4871-9E14-80CF0F0AD6DF}.Release|Any CPU.Build.0 = Release|Any CPU
	EndGlobalSection
	GlobalSection(SolutionProperties) = preSolution
		HideSolutionNode = FALSE
	EndGlobalSection
	GlobalSection(ExtensibilityGlobals) = postSolution
		SolutionGuid = {15433382-89F7-4958-BC13-3964493B858A}
	EndGlobalSection
EndGlobal
